{
  "name": "test-systeminfo",
  "version": "1.0.0",
  "lockfileVersion": 3,
  "requires": true,
  "packages": {
    "": {
      "name": "test-systeminfo",
      "version": "1.0.0",
      "dependencies": {
        "systeminformation": "^5.20.17"
      }
    },
    "node_modules/systeminformation": {
      "version": "5.27.10",
      "resolved": "https://registry.npmjs.org/systeminformation/-/systeminformation-5.27.10.tgz",
      "integrity": "sha512-jkeOerLSwLZqJrPHCYltlKHu0PisdepIuS4GwjFFtgQUG/5AQPVZekkECuULqdP0cgrrIHW8Nl8J7WQXo5ypEg==",
      "license": "MIT",
      "os": [
        "darwin",
        "linux",
        "win32",
        "freebsd",
        "openbsd",
        "netbsd",
        "sunos",
        "android"
      ],
      "bin": {
        "systeminformation": "lib/cli.js"
      },
      "engines": {
        "node": ">=8.0.0"
      },
      "funding": {
        "type": "Buy me a coffee",
        "url": "https://www.buymeacoffee.com/systeminfo"
      }
    }
  }
}
